
Microsoft Visual Studio Solution File, Format Version 12.00
# Visual Studio 2013
VisualStudioVersion = 12.0.40629.0
MinimumVisualStudioVersion = 10.0.40219.1
Project("{FAE04EC0-301F-11D3-BF4B-00C04F79EFBC}") = "ADB.NET Console", "ADB.NET Console\ADB.NET Console.csproj", "{1A535F93-32B4-4A50-B7DF-0A7DED314ACA}"
EndProject
Project("{FAE04EC0-301F-11D3-BF4B-00C04F79EFBC}") = "Android", "Android\Android.csproj", "{912D551A-5A87-4EFE-B0D3-79AD4D45FA71}"
EndProject
Project("{FAE04EC0-301F-11D3-BF4B-00C04F79EFBC}") = "ADBWinForms", "ADBWinForms\ADBWinForms.csproj", "{6D7CFC6E-CC62-4C67-BA10-F1A4774DA4B0}"
EndProject
Global
	GlobalSection(SolutionConfigurationPlatforms) = preSolution
		Debug|Any CPU = Debug|Any CPU
		Debug|x64 = Debug|x64
		Release|Any CPU = Release|Any CPU
		Release|x64 = Release|x64
	EndGlobalSection
	GlobalSection(ProjectConfigurationPlatforms) = postSolution
		{1A535F93-32B4-4A50-B7DF-0A7DED314ACA}.Debug|Any CPU.ActiveCfg = Debug|Any CPU
		{1A535F93-32B4-4A50-B7DF-0A7DED314ACA}.Debug|Any CPU.Build.0 = Debug|Any CPU
		{1A535F93-32B4-4A50-B7DF-0A7DED314ACA}.Debug|x64.ActiveCfg = Debug|Any CPU
		{1A535F93-32B4-4A50-B7DF-0A7DED314ACA}.Debug|x64.Build.0 = Debug|Any CPU
		{1A535F93-32B4-4A50-B7DF-0A7DED314ACA}.Release|Any CPU.ActiveCfg = Release|Any CPU
		{1A535F93-32B4-4A50-B7DF-0A7DED314ACA}.Release|Any CPU.Build.0 = Release|Any CPU
		{1A535F93-32B4-4A50-B7DF-0A7DED314ACA}.Release|x64.ActiveCfg = Release|Any CPU
		{1A535F93-32B4-4A50-B7DF-0A7DED314ACA}.Release|x64.Build.0 = Release|Any CPU
		{912D551A-5A87-4EFE-B0D3-79AD4D45FA71}.Debug|Any CPU.ActiveCfg = Debug|Any CPU
		{912D551A-5A87-4EFE-B0D3-79AD4D45FA71}.Debug|Any CPU.Build.0 = Debug|Any CPU
		{912D551A-5A87-4EFE-B0D3-79AD4D45FA71}.Debug|x64.ActiveCfg = Debug|Any CPU
		{912D551A-5A87-4EFE-B0D3-79AD4D45FA71}.Release|Any CPU.ActiveCfg = Release|Any CPU
		{912D551A-5A87-4EFE-B0D3-79AD4D45FA71}.Release|Any CPU.Build.0 = Release|Any CPU
		{912D551A-5A87-4EFE-B0D3-79AD4D45FA71}.Release|x64.ActiveCfg = Release|Any CPU
		{6D7CFC6E-CC62-4C67-BA10-F1A4774DA4B0}.Debug|Any CPU.ActiveCfg = Debug|Any CPU
		{6D7CFC6E-CC62-4C67-BA10-F1A4774DA4B0}.Debug|Any CPU.Build.0 = Debug|Any CPU
		{6D7CFC6E-CC62-4C67-BA10-F1A4774DA4B0}.Debug|x64.ActiveCfg = Debug|Any CPU
		{6D7CFC6E-CC62-4C67-BA10-F1A4774DA4B0}.Release|Any CPU.ActiveCfg = Release|Any CPU
		{6D7CFC6E-CC62-4C67-BA10-F1A4774DA4B0}.Release|Any CPU.Build.0 = Release|Any CPU
		{6D7CFC6E-CC62-4C67-BA10-F1A4774DA4B0}.Release|x64.ActiveCfg = Release|Any CPU
	EndGlobalSection
	GlobalSection(SolutionProperties) = preSolution
		HideSolutionNode = FALSE
	EndGlobalSection
EndGlobal
